lockfileVersion: '9.0'

settings:
  autoInstallPeers: true
  excludeLinksFromLockfile: false

importers:

  .:
    dependencies:
      '@fontsource/josefin-sans':
        specifier: ^5.2.0
        version: 5.3.0
      '@fontsource/manrope':
        specifier: ^5.2.0
        version: 5.3.0
      '@fontsource/poppins':
        specifier: ^5.2.0
        version: 5.3.0
      '@napi-rs/canvas':
        specifier: ^1.0.10
        version: 1.0.10
      pdfjs-dist:
        specifier: ^6.3.289
        version: 6.3.289
      playwright:
        specifier: ^1.63.0
        version: 1.63.0

packages:

  '@fontsource/josefin-sans@5.3.0':
    resolution: {integrity: sha512-N2xY1l8gBCNrlRa0tMnjUtbSJb/rqWmPLgLSMq6H+EY2/uerAHtbyoHsQQKwhMA8hJat7S+OSk6saxGMceKKvA==}

  '@fontsource/manrope@5.3.0':
    resolution: {integrity: sha512-obJ1Dv3+uCA6HlHgW8u4BGYxJR9In2HW7gjJhlflEvkrj1X1iSEwu0fToL+JYGC/FEKFfIz1sBuPduvcL2gIAA==}

  '@fontsource/poppins@5.3.0':
    resolution: {integrity: sha512-cms1nM7U6SN8epIV1WMVOV8VsA645aSm3wHfzIQnkk188U341ThbJGSl2Sv54V29gnDbT2arMPfLzvVIIVCceQ==}

  '@napi-rs/canvas-android-arm64@1.0.10':
    resolution: {integrity: sha512-0sDMvme+7fj6bHERUaBs5SvEyWaORc91VUkaB4RrtG7p6dBrBNGy1of8cyEKDxygd1FlHtW+Thunj8lSixzY7A==}
    engines: {node: '>= 10'}
    cpu: [arm64]
    os: [android]

  '@napi-rs/canvas-darwin-arm64@1.0.10':
    resolution: {integrity: sha512-pdHL1TEfFMrnchRYqmPWXKN7hR4XtOYmzJqnh4XhpfWD4/eeSokOGVzrdFP/iQ3sfr2rf0939gOGq9uCp8BGmg==}
    engines: {node: '>= 10'}
    cpu: [arm64]
    os: [darwin]

  '@napi-rs/canvas-darwin-x64@1.0.10':
    resolution: {integrity: sha512-iuuk5plGxAcxurxv2ycF2yR20y5zvaBZ4heQdhPpg3EMFD21PhlY1V+YwSRmYRWzbvKL474UYdw3WIg2qfafyw==}
    engines: {node: '>= 10'}
    cpu: [x64]
    os: [darwin]

  '@napi-rs/canvas-linux-arm-gnueabihf@1.0.10':
    resolution: {integrity: sha512-kH7GFR5Unpm77pKSEsmkqvzeQCRD7/MQ7upmeLLjg4XpQ62dX/R6THFsp6vkF1Pkco2aKUq9KhoLM4W5twdk7g==}
    engines: {node: '>= 10'}
    cpu: [arm]
    os: [linux]

  '@napi-rs/canvas-linux-arm64-gnu@1.0.10':
    resolution: {integrity: sha512-0/Hj7IwM9pmzdwxiqkp4YLJ8dKqASBrWQ3Y7dWUSU/4dgvCL9O6YNvX7xVUJjonQvdD3IE9ESS/nXa5srQqoVw==}
    engines: {node: '>= 10'}
    cpu: [arm64]
    os: [linux]
    libc: [glibc]

  '@napi-rs/canvas-linux-arm64-musl@1.0.10':
    resolution: {integrity: sha512-fmjKM0P2MLF9O6XzCQsRjhB+jlLzaf6tFQU36hMPMsYup+VThYvpjjhqNLOc/Ee3tHUE3r13H2BSJx/yXz4pFA==}
    engines: {node: '>= 10'}
    cpu: [arm64]
    os: [linux]
    libc: [musl]

  '@napi-rs/canvas-linux-riscv64-gnu@1.0.10':
    resolution: {integrity: sha512-O/BUrGwrs3pVP9PpD/3++ZiOpjHMJlmiB7aBgswP8rbe4egPfiFkFxmcCczoLvZa72TaQX5lJ8Udedb6rc/Hvg==}
    engines: {node: '>= 10'}
    cpu: [riscv64]
    os: [linux]
    libc: [glibc]

  '@napi-rs/canvas-linux-x64-gnu@1.0.10':
    resolution: {integrity: sha512-48HkZPQeAN/R+9NPpY64tceoyCUW5xYYtHKZnC+BG11qiihXJCbH+xfbgGU+OdYp1Q4s84HDl9ILU0KBK6SBOQ==}
    engines: {node: '>= 10'}
    cpu: [x64]
    os: [linux]
    libc: [glibc]

  '@napi-rs/canvas-linux-x64-musl@1.0.10':
    resolution: {integrity: sha512-QYHVi7WZ9v+Wm9OQyHLMTnJ8QiBPVX94BgbCHFJC/4bCFMfvX7fRzo4FJPgkRP0ISz3ulYNow/FCbQOPjzhYjg==}
    engines: {node: '>= 10'}
    cpu: [x64]
    os: [linux]
    libc: [musl]

  '@napi-rs/canvas-win32-arm64-msvc@1.0.10':
    resolution: {integrity: sha512-bWK+YajM/8sL0mMgLtug2s063FVBPzFV4QAn987CQomMKlmzrBY6Trz43KY+24hq7IOa3qNhUAgP/XMEF50ZEQ==}
    engines: {node: '>= 10'}
    cpu: [arm64]
    os: [win32]

  '@napi-rs/canvas-win32-x64-msvc@1.0.10':
    resolution: {integrity: sha512-9WtzW85PaIhtB27iXaR/9RrLCqHLbqD3Z8Q+kh17NjFxwQXFXU5vWbYH4vEH+drM307TTyK3hidZgpt09G5T3g==}
    engines: {node: '>= 10'}
    cpu: [x64]
    os: [win32]

  '@napi-rs/canvas@1.0.10':
    resolution: {integrity: sha512-V+qptzsGnPMFxEbhwc6eDNMe5eDrfiBIp8qGpuRjAVIX4Kn2zxvwQ1Xco6Fwe+3tYIe3iLW8LM9D+SvjyJhqbQ==}
    engines: {node: '>= 10'}

  pdfjs-dist@6.3.289:
    resolution: {integrity: sha512-ZHjSVpDa3D6izMq8/04lvkhkATUmL9px6ChPaXc1k6nU2Mrhlg1/7F0bdUqCwUjw3NsPTfPZsMDUU6ZIcRaeQw==}
    engines: {node: '>=22.13.0 || >=24'}

  playwright-core@1.63.0:
    resolution: {integrity: sha512-rYCsBF/M5HjUch52bbtVONEFjv6Xu8sm8h72dNlR5bzIE1fvC/bxgspzkjSfU+MweEMmPM8KJebG6nnyxo5mCg==}
    engines: {node: '>=20'}
    hasBin: true

  playwright@1.63.0:
    resolution: {integrity: sha512-+7ziBLidS4NaNCdt57SUDT+wYmmd5fmiQejUic/kb+YsYSCPyOOE9sebzMjNmQrsnNpDJqd4WHvV/8lfKfUDUg==}
    engines: {node: '>=20'}
    hasBin: true

snapshots:

  '@fontsource/josefin-sans@5.3.0': {}

  '@fontsource/manrope@5.3.0': {}

  '@fontsource/poppins@5.3.0': {}

  '@napi-rs/canvas-android-arm64@1.0.10':
    optional: true

  '@napi-rs/canvas-darwin-arm64@1.0.10':
    optional: true

  '@napi-rs/canvas-darwin-x64@1.0.10':
    optional: true

  '@napi-rs/canvas-linux-arm-gnueabihf@1.0.10':
    optional: true

  '@napi-rs/canvas-linux-arm64-gnu@1.0.10':
    optional: true

  '@napi-rs/canvas-linux-arm64-musl@1.0.10':
    optional: true

  '@napi-rs/canvas-linux-riscv64-gnu@1.0.10':
    optional: true

  '@napi-rs/canvas-linux-x64-gnu@1.0.10':
    optional: true

  '@napi-rs/canvas-linux-x64-musl@1.0.10':
    optional: true

  '@napi-rs/canvas-win32-arm64-msvc@1.0.10':
    optional: true

  '@napi-rs/canvas-win32-x64-msvc@1.0.10':
    optional: true

  '@napi-rs/canvas@1.0.10':
    optionalDependencies:
      '@napi-rs/canvas-android-arm64': 1.0.10
      '@napi-rs/canvas-darwin-arm64': 1.0.10
      '@napi-rs/canvas-darwin-x64': 1.0.10
      '@napi-rs/canvas-linux-arm-gnueabihf': 1.0.10
      '@napi-rs/canvas-linux-arm64-gnu': 1.0.10
      '@napi-rs/canvas-linux-arm64-musl': 1.0.10
      '@napi-rs/canvas-linux-riscv64-gnu': 1.0.10
      '@napi-rs/canvas-linux-x64-gnu': 1.0.10
      '@napi-rs/canvas-linux-x64-musl': 1.0.10
      '@napi-rs/canvas-win32-arm64-msvc': 1.0.10
      '@napi-rs/canvas-win32-x64-msvc': 1.0.10

  pdfjs-dist@6.3.289:
    optionalDependencies:
      '@napi-rs/canvas': 1.0.10

  playwright-core@1.63.0: {}

  playwright@1.63.0:
    dependencies:
      playwright-core: 1.63.0
